
Microsoft Visual Studio Solution File, Format Version 12.00
# Visual Studio Version 17
VisualStudioVersion = 17.10.35122.118
MinimumVisualStudioVersion = 10.0.40219.1
Project("{FAE04EC0-301F-11D3-BF4B-00C04F79EFBC}") = "Corso.Entity", "Corso.Entity\Corso.Entity.csproj", "{479B666F-A6DE-48E1-A597-2B554F67182C}"
EndProject
Project("{FAE04EC0-301F-11D3-BF4B-00C04F79EFBC}") = "Corso.Service", "Corso.Service\Corso.Service.csproj", "{B2A6E2EA-7AA6-44BC-B23C-12D2739A0D62}"
EndProject
Project("{FAE04EC0-301F-11D3-BF4B-00C04F79EFBC}") = "Corso.WebApi", "Corso.WebApi\Corso.WebApi.csproj", "{CA4F436E-D086-4BF0-9100-B5D22208F9E3}"
EndProject
Global
	GlobalSection(SolutionConfigurationPlatforms) = preSolution
		Debug|Any CPU = Debug|Any CPU
		Release|Any CPU = Release|Any CPU
	EndGlobalSection
	GlobalSection(ProjectConfigurationPlatforms) = postSolution
		{479B666F-A6DE-48E1-A597-2B554F67182C}.Debug|Any CPU.ActiveCfg = Debug|Any CPU
		{479B666F-A6DE-48E1-A597-2B554F67182C}.Debug|Any CPU.Build.0 = Debug|Any CPU
		{479B666F-A6DE-48E1-A597-2B554F67182C}.Release|Any CPU.ActiveCfg = Release|Any CPU
		{479B666F-A6DE-48E1-A597-2B554F67182C}.Release|Any CPU.Build.0 = Release|Any CPU
		{B2A6E2EA-7AA6-44BC-B23C-12D2739A0D62}.Debug|Any CPU.ActiveCfg = Debug|Any CPU
		{B2A6E2EA-7AA6-44BC-B23C-12D2739A0D62}.Debug|Any CPU.Build.0 = Debug|Any CPU
		{B2A6E2EA-7AA6-44BC-B23C-12D2739A0D62}.Release|Any CPU.ActiveCfg = Release|Any CPU
		{B2A6E2EA-7AA6-44BC-B23C-12D2739A0D62}.Release|Any CPU.Build.0 = Release|Any CPU
		{CA4F436E-D086-4BF0-9100-B5D22208F9E3}.Debug|Any CPU.ActiveCfg = Debug|Any CPU
		{CA4F436E-D086-4BF0-9100-B5D22208F9E3}.Debug|Any CPU.Build.0 = Debug|Any CPU
		{CA4F436E-D086-4BF0-9100-B5D22208F9E3}.Release|Any CPU.ActiveCfg = Release|Any CPU
		{CA4F436E-D086-4BF0-9100-B5D22208F9E3}.Release|Any CPU.Build.0 = Release|Any CPU
	EndGlobalSection
	GlobalSection(SolutionProperties) = preSolution
		HideSolutionNode = FALSE
	EndGlobalSection
	GlobalSection(ExtensibilityGlobals) = postSolution
		SolutionGuid = {BD609298-1568-4BAA-8B29-2F527A8F54D3}
	EndGlobalSection
EndGlobal
